
Microsoft Visual Studio Solution File, Format Version 12.00
# Visual Studio Version 17
VisualStudioVersion = 17.11.35327.3
MinimumVisualStudioVersion = 10.0.40219.1
Project("{F184B08F-C81C-45F6-A57F-5ABD9991F28F}") = "calculatrice2", "calculatrice2.vbproj", "{BAF482AF-871C-4B36-A95D-AA83BDC4007A}"
EndProject
Global
	GlobalSection(SolutionConfigurationPlatforms) = preSolution
		Debug|Any CPU = Debug|Any CPU
		Release|Any CPU = Release|Any CPU
	EndGlobalSection
	GlobalSection(ProjectConfigurationPlatforms) = postSolution
		{BAF482AF-871C-4B36-A95D-AA83BDC4007A}.Debug|Any CPU.ActiveCfg = Debug|Any CPU
		{BAF482AF-871C-4B36-A95D-AA83BDC4007A}.Debug|Any CPU.Build.0 = Debug|Any CPU
		{BAF482AF-871C-4B36-A95D-AA83BDC4007A}.Release|Any CPU.ActiveCfg = Release|Any CPU
		{BAF482AF-871C-4B36-A95D-AA83BDC4007A}.Release|Any CPU.Build.0 = Release|Any CPU
	EndGlobalSection
	GlobalSection(SolutionProperties) = preSolution
		HideSolutionNode = FALSE
	EndGlobalSection
	GlobalSection(ExtensibilityGlobals) = postSolution
		SolutionGuid = {778D4ACF-1FF4-488B-BED1-A71EB6CD0844}
	EndGlobalSection
EndGlobal
